{
    "_readme": [
        "This file locks the dependencies of your project to a known state",
        "Read more about it at https://getcomposer.org/doc/01-basic-usage.md#composer-lock-the-lock-file",
        "This file is @generated automatically"
    ],
    "hash": "1f978e4c31bf1436c75a08c83544698a",
    "content-hash": "acc288cd19f6a2e86b194fd818c5671b",
    "packages": [
        {
            "name": "clue/connection-manager-extra",
            "version": "v0.5.0",
            "source": {
                "type": "git",
                "url": "https://github.com/clue/php-connection-manager-extra.git",
                "reference": "582dc7bffd6280b1332b3dbefc7e023aa96e3ac0"
            },
            "dist": {
                "type": "zip",
                "url": "https://api.github.com/repos/clue/php-connection-manager-extra/zipball/582dc7bffd6280b1332b3dbefc7e023aa96e3ac0",
                "reference": "582dc7bffd6280b1332b3dbefc7e023aa96e3ac0",
                "shasum": ""
            },
            "require": {
                "php": ">=5.3",
                "react/event-loop": "^0.4 || ^0.3",
                "react/promise": "^2.1 || ^1.2",
                "react/promise-timer": "^1.1",
                "react/socket-client": "^0.5 || ^0.4 || ^0.3"
            },
            "type": "library",
            "autoload": {
                "psr-4": {
                    "ConnectionManager\\Extra\\": "src"
                }
            },
            "notification-url": "https://packagist.org/downloads/",
            "license": [
                "MIT"
            ],
            "authors": [
                {
                    "name": "Christian Lück",
                    "email": "christian@lueck.tv"
                }
            ],
            "description": "Extra decorators for creating async TCP/IP connections, built on top of React PHP's SocketClient",
            "homepage": "https://github.com/clue/php-connection-manager-extra",
            "keywords": [
                "Connection",
                "SocketClient",
                "acl",
                "delay",
                "firewall",
                "network",
                "random",
                "reactphp",
                "reject",
                "repeat",
                "retry",
                "timeout"
            ],
            "time": "2016-06-01 12:25:01"
        },
        {
            "name": "clue/socks-react",
            "version": "v0.6.0",
            "source": {
                "type": "git",
                "url": "https://github.com/clue/php-socks-react.git",
                "reference": "3b4ed3f164a7413654f2c7bcd6f1c2b5671d0f1d"
            },
            "dist": {
                "type": "zip",
                "url": "https://api.github.com/repos/clue/php-socks-react/zipball/3b4ed3f164a7413654f2c7bcd6f1c2b5671d0f1d",
                "reference": "3b4ed3f164a7413654f2c7bcd6f1c2b5671d0f1d",
                "shasum": ""
            },
            "require": {
                "php": ">=5.3",
                "react/promise": "^2.1 || ^1.2",
                "react/socket-client": "^0.5.1",
                "react/stream": "0.3.*|0.4.*"
            },
            "require-dev": {
                "clue/block-react": "^1.1",
                "clue/socks-server": "^0.5.1",
                "react/dns": "0.3.*|0.4.*",
                "react/event-loop": "0.3.*|0.4.*"
            },
            "type": "library",
            "autoload": {
                "psr-4": {
                    "Clue\\React\\Socks\\": "src"
                }
            },
            "notification-url": "https://packagist.org/downloads/",
            "license": [
                "MIT"
            ],
            "authors": [
                {
                    "name": "Christian Lück",
                    "email": "christian@lueck.tv"
                }
            ],
            "description": "Async SOCKS proxy client (SOCKS4, SOCKS4a and SOCKS5), built on top of React PHP",
            "homepage": "https://github.com/clue/php-socks-react",
            "keywords": [
                "async",
                "reactphp",
                "socks client",
                "socks protocol",
                "tcp tunnel"
            ],
            "time": "2016-11-29 06:21:48"
        },
        {
            "name": "clue/socks-server",
            "version": "v0.5.1",
            "source": {
                "type": "git",
                "url": "https://github.com/clue/php-socks-server.git",
                "reference": "fc91bf2ec8ca9b8db7d2d2e4ecbb3731731ffada"
            },
            "dist": {
                "type": "zip",
                "url": "https://api.github.com/repos/clue/php-socks-server/zipball/fc91bf2ec8ca9b8db7d2d2e4ecbb3731731ffada",
                "reference": "fc91bf2ec8ca9b8db7d2d2e4ecbb3731731ffada",
                "shasum": ""
            },
            "require": {
                "evenement/evenement": "~1.0|~2.0",
                "php": ">=5.3",
                "react/dns": "0.3.*|0.4.*",
                "react/event-loop": "0.3.*|0.4.*",
                "react/promise": "^2.1 || ^1.2",
                "react/socket": "0.3.*|0.4.*",
                "react/socket-client": "^0.5.1",
                "react/stream": "0.3.*|0.4.*"
            },
            "require-dev": {
                "clue/socks-react": "^0.4"
            },
            "type": "library",
            "autoload": {
                "psr-4": {
                    "Clue\\React\\Socks\\Server\\": "src/"
                }
            },
            "notification-url": "https://packagist.org/downloads/",
            "license": [
                "MIT"
            ],
            "authors": [
                {
                    "name": "Christian Lück",
                    "email": "christian@lueck.tv"
                }
            ],
            "description": "Async SOCKS proxy server (SOCKS4, SOCKS4a and SOCKS5), built on top of React PHP",
            "homepage": "https://github.com/clue/php-socks-server",
            "keywords": [
                "async",
                "reactphp",
                "socks client",
                "socks protocol",
                "socks server",
                "tcp tunnel"
            ],
            "time": "2016-11-25 09:52:09"
        },
        {
            "name": "evenement/evenement",
            "version": "v2.0.0",
            "source": {
                "type": "git",
                "url": "https://github.com/igorw/evenement.git",
                "reference": "f6e843799fd4f4184d54d8fc7b5b3551c9fa803e"
            },
            "dist": {
                "type": "zip",
                "url": "https://api.github.com/repos/igorw/evenement/zipball/f6e843799fd4f4184d54d8fc7b5b3551c9fa803e",
                "reference": "f6e843799fd4f4184d54d8fc7b5b3551c9fa803e",
                "shasum": ""
            },
            "require": {
                "php": ">=5.4.0"
            },
            "type": "library",
            "extra": {
                "branch-alias": {
                    "dev-master": "2.0-dev"
                }
            },
            "autoload": {
                "psr-0": {
                    "Evenement": "src"
                }
            },
            "notification-url": "https://packagist.org/downloads/",
            "license": [
                "MIT"
            ],
            "authors": [
                {
                    "name": "Igor Wiedler",
                    "email": "igor@wiedler.ch",
                    "homepage": "http://wiedler.ch/igor/"
                }
            ],
            "description": "Événement is a very simple event dispatching library for PHP",
            "keywords": [
                "event-dispatcher",
                "event-emitter"
            ],
            "time": "2012-11-02 14:49:47"
        },
        {
            "name": "react/cache",
            "version": "v0.4.1",
            "source": {
                "type": "git",
                "url": "https://github.com/reactphp/cache.git",
                "reference": "558f614891341b1d817a8cdf9a358948ec49638f"
            },
            "dist": {
                "type": "zip",
                "url": "https://api.github.com/repos/reactphp/cache/zipball/558f614891341b1d817a8cdf9a358948ec49638f",
                "reference": "558f614891341b1d817a8cdf9a358948ec49638f",
                "shasum": ""
            },
            "require": {
                "php": ">=5.3.0",
                "react/promise": "~2.0|~1.1"
            },
            "type": "library",
            "autoload": {
                "psr-4": {
                    "React\\Cache\\": "src\\"
                }
            },
            "notification-url": "https://packagist.org/downloads/",
            "license": [
                "MIT"
            ],
            "description": "Async caching.",
            "keywords": [
                "cache"
            ],
            "time": "2016-02-25 18:17:16"
        },
        {
            "name": "react/dns",
            "version": "v0.4.3",
            "source": {
                "type": "git",
                "url": "https://github.com/reactphp/dns.git",
                "reference": "751b3129556e04944f164e3556a20ca6e201e459"
            },
            "dist": {
                "type": "zip",
                "url": "https://api.github.com/repos/reactphp/dns/zipball/751b3129556e04944f164e3556a20ca6e201e459",
                "reference": "751b3129556e04944f164e3556a20ca6e201e459",
                "shasum": ""
            },
            "require": {
                "php": ">=5.3.0",
                "react/cache": "~0.4.0|~0.3.0",
                "react/promise": "~2.1|~1.2",
                "react/socket": "~0.4.0|~0.3.0"
            },
            "type": "library",
            "autoload": {
                "psr-4": {
                    "React\\Dns\\": "src"
                }
            },
            "notification-url": "https://packagist.org/downloads/",
            "license": [
                "MIT"
            ],
            "description": "Async DNS resolver.",
            "keywords": [
                "dns",
                "dns-resolver"
            ],
            "time": "2016-08-01 10:09:07"
        },
        {
            "name": "react/event-loop",
            "version": "v0.4.2",
            "source": {
                "type": "git",
                "url": "https://github.com/reactphp/event-loop.git",
                "reference": "164799f73175e1c80bba92a220ea35df6ca371dd"
            },
            "dist": {
                "type": "zip",
                "url": "https://api.github.com/repos/reactphp/event-loop/zipball/164799f73175e1c80bba92a220ea35df6ca371dd",
                "reference": "164799f73175e1c80bba92a220ea35df6ca371dd",
                "shasum": ""
            },
            "require": {
                "php": ">=5.4.0"
            },
            "suggest": {
                "ext-event": "~1.0",
                "ext-libev": "*",
                "ext-libevent": ">=0.1.0"
            },
            "type": "library",
            "extra": {
                "branch-alias": {
                    "dev-master": "0.5-dev"
                }
            },
            "autoload": {
                "psr-4": {
                    "React\\EventLoop\\": "src"
                }
            },
            "notification-url": "https://packagist.org/downloads/",
            "license": [
                "MIT"
            ],
            "description": "Event loop abstraction layer that libraries can use for evented I/O.",
            "keywords": [
                "asynchronous",
                "event-loop"
            ],
            "time": "2016-03-08 02:09:32"
        },
        {
            "name": "react/promise",
            "version": "v2.4.1",
            "source": {
                "type": "git",
                "url": "https://github.com/reactphp/promise.git",
                "reference": "8025426794f1944de806618671d4fa476dc7626f"
            },
            "dist": {
                "type": "zip",
                "url": "https://api.github.com/repos/reactphp/promise/zipball/8025426794f1944de806618671d4fa476dc7626f",
                "reference": "8025426794f1944de806618671d4fa476dc7626f",
                "shasum": ""
            },
            "require": {
                "php": ">=5.4.0"
            },
            "type": "library",
            "extra": {
                "branch-alias": {
                    "dev-master": "2.0-dev"
                }
            },
            "autoload": {
                "psr-4": {
                    "React\\Promise\\": "src/"
                },
                "files": [
                    "src/functions_include.php"
                ]
            },
            "notification-url": "https://packagist.org/downloads/",
            "license": [
                "MIT"
            ],
            "authors": [
                {
                    "name": "Jan Sorgalla",
                    "email": "jsorgalla@gmail.com"
                }
            ],
            "description": "A lightweight implementation of CommonJS Promises/A for PHP",
            "time": "2016-05-03 17:50:52"
        },
        {
            "name": "react/promise-timer",
            "version": "v1.1.0",
            "source": {
                "type": "git",
                "url": "https://github.com/reactphp/promise-timer.git",
                "reference": "6a46050d801688e08d1a550b97b1f3735505c62a"
            },
            "dist": {
                "type": "zip",
                "url": "https://api.github.com/repos/reactphp/promise-timer/zipball/6a46050d801688e08d1a550b97b1f3735505c62a",
                "reference": "6a46050d801688e08d1a550b97b1f3735505c62a",
                "shasum": ""
            },
            "require": {
                "php": ">=5.3",
                "react/event-loop": "~0.4.0|~0.3.0",
                "react/promise": "~2.1|~1.2"
            },
            "type": "library",
            "autoload": {
                "psr-4": {
                    "React\\Promise\\Timer\\": "src/"
                },
                "files": [
                    "src/functions.php"
                ]
            },
            "notification-url": "https://packagist.org/downloads/",
            "license": [
                "MIT"
            ],
            "authors": [
                {
                    "name": "Christian Lück",
                    "email": "christian@lueck.tv"
                }
            ],
            "description": "Trivial timeout implementation for Promises",
            "homepage": "https://github.com/react/promise-timer",
            "keywords": [
                "async",
                "event-loop",
                "promise",
                "reactphp",
                "timeout",
                "timer"
            ],
            "time": "2016-02-29 19:03:45"
        },
        {
            "name": "react/socket",
            "version": "v0.4.3",
            "source": {
                "type": "git",
                "url": "https://github.com/reactphp/socket.git",
                "reference": "ce015ec5879b96f5d30905f035f223aa85013fcc"
            },
            "dist": {
                "type": "zip",
                "url": "https://api.github.com/repos/reactphp/socket/zipball/ce015ec5879b96f5d30905f035f223aa85013fcc",
                "reference": "ce015ec5879b96f5d30905f035f223aa85013fcc",
                "shasum": ""
            },
            "require": {
                "evenement/evenement": "~2.0|~1.0",
                "php": ">=5.3.0",
                "react/event-loop": "0.4.*|0.3.*",
                "react/stream": "0.4.*|0.3.*"
            },
            "type": "library",
            "extra": {
                "branch-alias": {
                    "dev-master": "0.4-dev"
                }
            },
            "autoload": {
                "psr-4": {
                    "React\\Socket\\": "src"
                }
            },
            "notification-url": "https://packagist.org/downloads/",
            "license": [
                "MIT"
            ],
            "description": "Library for building an evented socket server.",
            "keywords": [
                "Socket"
            ],
            "time": "2016-03-01 20:10:35"
        },
        {
            "name": "react/socket-client",
            "version": "v0.5.1",
            "source": {
                "type": "git",
                "url": "https://github.com/reactphp/socket-client.git",
                "reference": "3cb406a14008c092207d95a63ebe7739f74843bf"
            },
            "dist": {
                "type": "zip",
                "url": "https://api.github.com/repos/reactphp/socket-client/zipball/3cb406a14008c092207d95a63ebe7739f74843bf",
                "reference": "3cb406a14008c092207d95a63ebe7739f74843bf",
                "shasum": ""
            },
            "require": {
                "php": ">=5.3.0",
                "react/dns": "0.4.*|0.3.*",
                "react/event-loop": "0.4.*|0.3.*",
                "react/promise": "^2.1 || ^1.2",
                "react/promise-timer": "~1.0",
                "react/stream": "0.4.*|0.3.*"
            },
            "require-dev": {
                "clue/block-react": "~1.0"
            },
            "type": "library",
            "autoload": {
                "psr-4": {
                    "React\\SocketClient\\": "src"
                }
            },
            "notification-url": "https://packagist.org/downloads/",
            "license": [
                "MIT"
            ],
            "description": "Async connector to open TCP/IP and SSL/TLS based connections.",
            "keywords": [
                "Socket"
            ],
            "time": "2016-11-20 00:11:24"
        },
        {
            "name": "react/stream",
            "version": "v0.4.5",
            "source": {
                "type": "git",
                "url": "https://github.com/reactphp/stream.git",
                "reference": "23389503012e1ab721ad498a5a1f4b39f7a43c00"
            },
            "dist": {
                "type": "zip",
                "url": "https://api.github.com/repos/reactphp/stream/zipball/23389503012e1ab721ad498a5a1f4b39f7a43c00",
                "reference": "23389503012e1ab721ad498a5a1f4b39f7a43c00",
                "shasum": ""
            },
            "require": {
                "evenement/evenement": "^2.0|^1.0",
                "php": ">=5.3.8"
            },
            "require-dev": {
                "clue/stream-filter": "~1.2",
                "react/event-loop": "^0.4|^0.3",
                "react/promise": "^2.0|^1.0"
            },
            "suggest": {
                "react/event-loop": "^0.4",
                "react/promise": "^2.0"
            },
            "type": "library",
            "autoload": {
                "psr-4": {
                    "React\\Stream\\": "src"
                }
            },
            "notification-url": "https://packagist.org/downloads/",
            "license": [
                "MIT"
            ],
            "description": "Basic readable and writable stream interfaces that support piping.",
            "keywords": [
                "pipe",
                "stream"
            ],
            "time": "2016-11-13 17:06:02"
        }
    ],
    "packages-dev": [],
    "aliases": [],
    "minimum-stability": "stable",
    "stability-flags": [],
    "prefer-stable": false,
    "prefer-lowest": false,
    "platform": [],
    "platform-dev": []
}
